
Microsoft Visual Studio Solution File, Format Version 12.00
# Visual Studio 15
VisualStudioVersion = 15.0.27428.2002
MinimumVisualStudioVersion = 10.0.40219.1
Project("{FAE04EC0-301F-11D3-BF4B-00C04F79EFBC}") = "Converter", "Converter\Converter.csproj", "{FE6A60B1-DBAA-4C8B-B836-42B3EA34165F}"
EndProject
Project("{FAE04EC0-301F-11D3-BF4B-00C04F79EFBC}") = "WpfApplication3", "..\..\..\Desktop\homework\WPF\WPF-Lesson1_1529337279\WPF-Lesson1\WpfApplication3\WpfApplication3\WpfApplication3.csproj", "{4BC54B0E-574C-4D08-ACAB-44580BBA06E6}"
EndProject
Global
	GlobalSection(SolutionConfigurationPlatforms) = preSolution
		Debug|Any CPU = Debug|Any CPU
		Release|Any CPU = Release|Any CPU
	EndGlobalSection
	GlobalSection(ProjectConfigurationPlatforms) = postSolution
		{FE6A60B1-DBAA-4C8B-B836-42B3EA34165F}.Debug|Any CPU.ActiveCfg = Debug|Any CPU
		{FE6A60B1-DBAA-4C8B-B836-42B3EA34165F}.Debug|Any CPU.Build.0 = Debug|Any CPU
		{FE6A60B1-DBAA-4C8B-B836-42B3EA34165F}.Release|Any CPU.ActiveCfg = Release|Any CPU
		{FE6A60B1-DBAA-4C8B-B836-42B3EA34165F}.Release|Any CPU.Build.0 = Release|Any CPU
		{4BC54B0E-574C-4D08-ACAB-44580BBA06E6}.Debug|Any CPU.ActiveCfg = Debug|Any CPU
		{4BC54B0E-574C-4D08-ACAB-44580BBA06E6}.Debug|Any CPU.Build.0 = Debug|Any CPU
		{4BC54B0E-574C-4D08-ACAB-44580BBA06E6}.Release|Any CPU.ActiveCfg = Release|Any CPU
		{4BC54B0E-574C-4D08-ACAB-44580BBA06E6}.Release|Any CPU.Build.0 = Release|Any CPU
	EndGlobalSection
	GlobalSection(SolutionProperties) = preSolution
		HideSolutionNode = FALSE
	EndGlobalSection
	GlobalSection(ExtensibilityGlobals) = postSolution
		SolutionGuid = {478010A7-E78D-44F5-A142-895C5FD642C8}
	EndGlobalSection
EndGlobal
